
Microsoft Visual Studio Solution File, Format Version 12.00
# Visual Studio Version 17
VisualStudioVersion = 17.9.34714.143
MinimumVisualStudioVersion = 10.0.40219.1
Project("{FAE04EC0-301F-11D3-BF4B-00C04F79EFBC}") = "PAYLOAD", "PAYLOAD\PAYLOAD.csproj", "{F89F45BC-C735-4855-B7EE-43C3C04FFE41}"
EndProject
Global
	GlobalSection(SolutionConfigurationPlatforms) = preSolution
		Debug|Any CPU = Debug|Any CPU
		Release|Any CPU = Release|Any CPU
	EndGlobalSection
	GlobalSection(ProjectConfigurationPlatforms) = postSolution
		{F89F45BC-C735-4855-B7EE-43C3C04FFE41}.Debug|Any CPU.ActiveCfg = Debug|Any CPU
		{F89F45BC-C735-4855-B7EE-43C3C04FFE41}.Debug|Any CPU.Build.0 = Debug|Any CPU
		{F89F45BC-C735-4855-B7EE-43C3C04FFE41}.Release|Any CPU.ActiveCfg = Release|Any CPU
		{F89F45BC-C735-4855-B7EE-43C3C04FFE41}.Release|Any CPU.Build.0 = Release|Any CPU
	EndGlobalSection
	GlobalSection(SolutionProperties) = preSolution
		HideSolutionNode = FALSE
	EndGlobalSection
	GlobalSection(ExtensibilityGlobals) = postSolution
		SolutionGuid = {2C694882-1E6F-4431-B57B-7DBECB49CCF4}
	EndGlobalSection
EndGlobal
